
Microsoft Visual Studio Solution File, Format Version 12.00
# Visual Studio Version 17
VisualStudioVersion = 17.7.34031.279
MinimumVisualStudioVersion = 10.0.40219.1
Project("{8BC9CEB8-8B4A-11D0-8D11-00A0C91BC942}") = "AdvancedTlsHijacking", "AdvancedTlsHijacking.vcxproj", "{916775AC-6DF8-446A-8CE4-A993AD453353}"
EndProject
Global
	GlobalSection(SolutionConfigurationPlatforms) = preSolution
		Debug|x64 = Debug|x64
		Debug|x86 = Debug|x86
		Release|x64 = Release|x64
		Release|x86 = Release|x86
	EndGlobalSection
	GlobalSection(ProjectConfigurationPlatforms) = postSolution
		{916775AC-6DF8-446A-8CE4-A993AD453353}.Debug|x64.ActiveCfg = Debug|x64
		{916775AC-6DF8-446A-8CE4-A993AD453353}.Debug|x64.Build.0 = Debug|x64
		{916775AC-6DF8-446A-8CE4-A993AD453353}.Debug|x86.ActiveCfg = Debug|Win32
		{916775AC-6DF8-446A-8CE4-A993AD453353}.Debug|x86.Build.0 = Debug|Win32
		{916775AC-6DF8-446A-8CE4-A993AD453353}.Release|x64.ActiveCfg = Release|x64
		{916775AC-6DF8-446A-8CE4-A993AD453353}.Release|x64.Build.0 = Release|x64
		{916775AC-6DF8-446A-8CE4-A993AD453353}.Release|x86.ActiveCfg = Release|Win32
		{916775AC-6DF8-446A-8CE4-A993AD453353}.Release|x86.Build.0 = Release|Win32
	EndGlobalSection
	GlobalSection(SolutionProperties) = preSolution
		HideSolutionNode = FALSE
	EndGlobalSection
	GlobalSection(ExtensibilityGlobals) = postSolution
		SolutionGuid = {0A9A3E39-30C8-4470-99C3-97B7153F3207}
	EndGlobalSection
EndGlobal
